
Microsoft Visual Studio Solution File, Format Version 12.00
# Visual Studio Version 17
VisualStudioVersion = 17.1.32421.90
MinimumVisualStudioVersion = 10.0.40219.1
Project("{FAE04EC0-301F-11D3-BF4B-00C04F79EFBC}") = "ClashOfClansDorfÜbersicht.Domain", "ClashOfClansDorfÜbersicht.Domain\ClashOfClansDorfÜbersicht.Domain.csproj", "{73F45B78-925B-4F86-A200-E0090DB63C7E}"
EndProject
Project("{FAE04EC0-301F-11D3-BF4B-00C04F79EFBC}") = "ClashOfClansDorfÜbersicht.Infrastructure", "ClashOfClansDorfÜbersicht.Infrastructure\ClashOfClansDorfÜbersicht.Infrastructure.csproj", "{DF97DAC9-62C0-4362-B97C-032664E2F084}"
EndProject
Project("{FAE04EC0-301F-11D3-BF4B-00C04F79EFBC}") = "ClashOfClansDorfÜbersicht.InfrastructureTest", "ClashOfClansDorfÜbersicht.InfrastructureTest\ClashOfClansDorfÜbersicht.InfrastructureTest.csproj", "{51A4B6B4-F250-4E28-AED5-F453A4FB562F}"
	ProjectSection(ProjectDependencies) = postProject
		{73F45B78-925B-4F86-A200-E0090DB63C7E} = {73F45B78-925B-4F86-A200-E0090DB63C7E}
		{DF97DAC9-62C0-4362-B97C-032664E2F084} = {DF97DAC9-62C0-4362-B97C-032664E2F084}
	EndProjectSection
EndProject
Global
	GlobalSection(SolutionConfigurationPlatforms) = preSolution
		Debug|Any CPU = Debug|Any CPU
		Release|Any CPU = Release|Any CPU
	EndGlobalSection
	GlobalSection(ProjectConfigurationPlatforms) = postSolution
		{73F45B78-925B-4F86-A200-E0090DB63C7E}.Debug|Any CPU.ActiveCfg = Debug|Any CPU
		{73F45B78-925B-4F86-A200-E0090DB63C7E}.Debug|Any CPU.Build.0 = Debug|Any CPU
		{73F45B78-925B-4F86-A200-E0090DB63C7E}.Release|Any CPU.ActiveCfg = Release|Any CPU
		{73F45B78-925B-4F86-A200-E0090DB63C7E}.Release|Any CPU.Build.0 = Release|Any CPU
		{DF97DAC9-62C0-4362-B97C-032664E2F084}.Debug|Any CPU.ActiveCfg = Debug|Any CPU
		{DF97DAC9-62C0-4362-B97C-032664E2F084}.Debug|Any CPU.Build.0 = Debug|Any CPU
		{DF97DAC9-62C0-4362-B97C-032664E2F084}.Release|Any CPU.ActiveCfg = Release|Any CPU
		{DF97DAC9-62C0-4362-B97C-032664E2F084}.Release|Any CPU.Build.0 = Release|Any CPU
		{51A4B6B4-F250-4E28-AED5-F453A4FB562F}.Debug|Any CPU.ActiveCfg = Debug|Any CPU
		{51A4B6B4-F250-4E28-AED5-F453A4FB562F}.Debug|Any CPU.Build.0 = Debug|Any CPU
		{51A4B6B4-F250-4E28-AED5-F453A4FB562F}.Release|Any CPU.ActiveCfg = Release|Any CPU
		{51A4B6B4-F250-4E28-AED5-F453A4FB562F}.Release|Any CPU.Build.0 = Release|Any CPU
	EndGlobalSection
	GlobalSection(SolutionProperties) = preSolution
		HideSolutionNode = FALSE
	EndGlobalSection
	GlobalSection(ExtensibilityGlobals) = postSolution
		SolutionGuid = {C39BB946-D922-4543-8F37-B24EB85D7653}
	EndGlobalSection
EndGlobal
